
Microsoft Visual Studio Solution File, Format Version 12.00
Project("{FAE04EC0-301F-11D3-BF4B-00C04F79EFBC}") = "EasyGame", "EasyGame\EasyGame.csproj", "{0E470EE7-5C67-41F3-9BE2-2F487E569A6A}"
EndProject
Global
	GlobalSection(SolutionConfigurationPlatforms) = preSolution
		Debug|Any CPU = Debug|Any CPU
		Release|Any CPU = Release|Any CPU
	EndGlobalSection
	GlobalSection(ProjectConfigurationPlatforms) = postSolution
		{0E470EE7-5C67-41F3-9BE2-2F487E569A6A}.Debug|Any CPU.ActiveCfg = Debug|Any CPU
		{0E470EE7-5C67-41F3-9BE2-2F487E569A6A}.Debug|Any CPU.Build.0 = Debug|Any CPU
		{0E470EE7-5C67-41F3-9BE2-2F487E569A6A}.Release|Any CPU.ActiveCfg = Release|Any CPU
		{0E470EE7-5C67-41F3-9BE2-2F487E569A6A}.Release|Any CPU.Build.0 = Release|Any CPU
	EndGlobalSection
EndGlobal
